<?xml version="1.0" encoding="utf-8"?>
<Project ToolsVersion="4.0" xmlns="http://schemas.microsoft.com/developer/msbuild/2003">
  <ItemGroup>
    <Filter Include="event">
      <UniqueIdentifier>{071C650F-7330-8DC0-3CB2-3020A88589F1}</UniqueIdentifier>
    </Filter>
    <Filter Include="platform">
      <UniqueIdentifier>{4A63C33C-3630-1E48-5F49-0CF04B7553D6}</UniqueIdentifier>
    </Filter>
    <Filter Include="platform\windows">
      <UniqueIdentifier>{A44FC440-9048-E392-B97A-C817A5D2C29E}</UniqueIdentifier>
    </Filter>
    <Filter Include="reder">
      <UniqueIdentifier>{B7024710-2317-6FC1-EC98-1221586C6BF2}</UniqueIdentifier>
    </Filter>
  </ItemGroup>
  <ItemGroup>
    <ClInclude Include="src\event\appEvent.h">
      <Filter>event</Filter>
    </ClInclude>
    <ClInclude Include="src\event\event.h">
      <Filter>event</Filter>
    </ClInclude>
    <ClInclude Include="src\event\keyboardEvent.h">
      <Filter>event</Filter>
    </ClInclude>
    <ClInclude Include="src\event\mouseEvent.h">
      <Filter>event</Filter>
    </ClInclude>
    <ClInclude Include="src\event\windowEvent.h">
      <Filter>event</Filter>
    </ClInclude>
    <ClInclude Include="src\platform\windows\windowsWindow.h">
      <Filter>platform\windows</Filter>
    </ClInclude>
    <ClInclude Include="src\reder.h" />
    <ClInclude Include="src\reder\application.h">
      <Filter>reder</Filter>
    </ClInclude>
    <ClInclude Include="src\reder\core.h">
      <Filter>reder</Filter>
    </ClInclude>
    <ClInclude Include="src\reder\entryPoint.h">
      <Filter>reder</Filter>
    </ClInclude>
    <ClInclude Include="src\reder\layer.h">
      <Filter>reder</Filter>
    </ClInclude>
    <ClInclude Include="src\reder\layerStack.h">
      <Filter>reder</Filter>
    </ClInclude>
    <ClInclude Include="src\reder\log.h">
      <Filter>reder</Filter>
    </ClInclude>
    <ClInclude Include="src\reder\window.h">
      <Filter>reder</Filter>
    </ClInclude>
    <ClInclude Include="src\repch.h" />
  </ItemGroup>
  <ItemGroup>
    <ClCompile Include="src\platform\windows\windowsWindow.cpp">
      <Filter>platform\windows</Filter>
    </ClCompile>
    <ClCompile Include="src\reder\application.cpp">
      <Filter>reder</Filter>
    </ClCompile>
    <ClCompile Include="src\reder\layer.cpp">
      <Filter>reder</Filter>
    </ClCompile>
    <ClCompile Include="src\reder\layerStack.cpp">
      <Filter>reder</Filter>
    </ClCompile>
    <ClCompile Include="src\reder\log.cpp">
      <Filter>reder</Filter>
    </ClCompile>
    <ClCompile Include="src\repch.cpp" />
  </ItemGroup>
</Project>